
Microsoft Visual Studio Solution File, Format Version 12.00
# Visual Studio Version 17
VisualStudioVersion = 17.7.34009.444
MinimumVisualStudioVersion = 10.0.40219.1
Project("{2150E333-8FDC-42A3-9474-1A3956D46DE8}") = "Solution Items", "Solution Items", "{F8FCD45F-911B-4661-A8CC-0ECE1723CD8C}"
	ProjectSection(SolutionItems) = preProject
		.gitignore = .gitignore
		.github\workflows\CI.yml = .github\workflows\CI.yml
		nuget.config = nuget.config
	EndProjectSection
EndProject
Project("{9A19103F-16F7-4668-BE54-9A1E7A4F7556}") = "QMC.Model", "QMC.Model\QMC.Model.csproj", "{84E96082-50E3-4CFA-BD20-41A8E254C4C7}"
EndProject
Project("{9A19103F-16F7-4668-BE54-9A1E7A4F7556}") = "QMC.ModelTest", "QMC.ModelTest\QMC.ModelTest.csproj", "{B442F08A-29B3-44D2-AF8F-AB07E527E347}"
EndProject
Project("{FAE04EC0-301F-11D3-BF4B-00C04F79EFBC}") = "QMC.BatchDataFilter", "QMC.BatchDataFilter\QMC.BatchDataFilter.csproj", "{7FA2DAA0-F801-4C3A-9A69-37F95550BD54}"
EndProject
Project("{FAE04EC0-301F-11D3-BF4B-00C04F79EFBC}") = "QMC.RasTools", "QMC.RasTools\QMC.RasTools.csproj", "{BC2C370A-A078-408E-BA2C-4A7D5777CEAE}"
EndProject
Project("{FAE04EC0-301F-11D3-BF4B-00C04F79EFBC}") = "QMC.RasToolsTest", "QMC.RasToolsTest\QMC.RasToolsTest.csproj", "{12C4A112-8BF4-4972-8703-9CBA8B2CF736}"
EndProject
Global
	GlobalSection(SolutionConfigurationPlatforms) = preSolution
		Debug|Any CPU = Debug|Any CPU
		Release|Any CPU = Release|Any CPU
	EndGlobalSection
	GlobalSection(ProjectConfigurationPlatforms) = postSolution
		{84E96082-50E3-4CFA-BD20-41A8E254C4C7}.Debug|Any CPU.ActiveCfg = Debug|Any CPU
		{84E96082-50E3-4CFA-BD20-41A8E254C4C7}.Debug|Any CPU.Build.0 = Debug|Any CPU
		{84E96082-50E3-4CFA-BD20-41A8E254C4C7}.Release|Any CPU.ActiveCfg = Release|Any CPU
		{84E96082-50E3-4CFA-BD20-41A8E254C4C7}.Release|Any CPU.Build.0 = Release|Any CPU
		{B442F08A-29B3-44D2-AF8F-AB07E527E347}.Debug|Any CPU.ActiveCfg = Debug|Any CPU
		{B442F08A-29B3-44D2-AF8F-AB07E527E347}.Debug|Any CPU.Build.0 = Debug|Any CPU
		{B442F08A-29B3-44D2-AF8F-AB07E527E347}.Release|Any CPU.ActiveCfg = Release|Any CPU
		{B442F08A-29B3-44D2-AF8F-AB07E527E347}.Release|Any CPU.Build.0 = Release|Any CPU
		{7FA2DAA0-F801-4C3A-9A69-37F95550BD54}.Debug|Any CPU.ActiveCfg = Debug|Any CPU
		{7FA2DAA0-F801-4C3A-9A69-37F95550BD54}.Debug|Any CPU.Build.0 = Debug|Any CPU
		{7FA2DAA0-F801-4C3A-9A69-37F95550BD54}.Release|Any CPU.ActiveCfg = Release|Any CPU
		{7FA2DAA0-F801-4C3A-9A69-37F95550BD54}.Release|Any CPU.Build.0 = Release|Any CPU
		{BC2C370A-A078-408E-BA2C-4A7D5777CEAE}.Debug|Any CPU.ActiveCfg = Debug|Any CPU
		{BC2C370A-A078-408E-BA2C-4A7D5777CEAE}.Debug|Any CPU.Build.0 = Debug|Any CPU
		{BC2C370A-A078-408E-BA2C-4A7D5777CEAE}.Release|Any CPU.ActiveCfg = Release|Any CPU
		{BC2C370A-A078-408E-BA2C-4A7D5777CEAE}.Release|Any CPU.Build.0 = Release|Any CPU
		{12C4A112-8BF4-4972-8703-9CBA8B2CF736}.Debug|Any CPU.ActiveCfg = Debug|Any CPU
		{12C4A112-8BF4-4972-8703-9CBA8B2CF736}.Debug|Any CPU.Build.0 = Debug|Any CPU
		{12C4A112-8BF4-4972-8703-9CBA8B2CF736}.Release|Any CPU.ActiveCfg = Release|Any CPU
		{12C4A112-8BF4-4972-8703-9CBA8B2CF736}.Release|Any CPU.Build.0 = Release|Any CPU
	EndGlobalSection
	GlobalSection(SolutionProperties) = preSolution
		HideSolutionNode = FALSE
	EndGlobalSection
	GlobalSection(ExtensibilityGlobals) = postSolution
		SolutionGuid = {DF51C008-4EB5-45EA-9B96-AD780543E8B7}
	EndGlobalSection
EndGlobal
